// !$*UTF8*$!
{
	archiveVersion = 1;
	classes = {
	};
	objectVersion = 50;
	objects = {

/* Begin PBXBuildFile section */
		E38FBFA6212C5F3200E90AD6 /* AppDelegate.swift in Sources */ = {isa = PBXBuildFile; fileRef = E38FBFA5212C5F3200E90AD6 /* AppDelegate.swift */; };
		E38FBFAB212C5F3200E90AD6 /* Main.storyboard in Resources */ = {isa = PBXBuildFile; fileRef = E38FBFA9212C5F3200E90AD6 /* Main.storyboard */; };
		E38FBFAD212C5F4300E90AD6 /* Assets.xcassets in Resources */ = {isa = PBXBuildFile; fileRef = E38FBFAC212C5F4300E90AD6 /* Assets.xcassets */; };
		E38FBFB0212C5F4300E90AD6 /* LaunchScreen.storyboard in Resources */ = {isa = PBXBuildFile; fileRef = E38FBFAE212C5F4300E90AD6 /* LaunchScreen.storyboard */; };
		E38FBFB8212C65F600E90AD6 /* ProfileViewController.swift in Sources */ = {isa = PBXBuildFile; fileRef = E38FBFB7212C65F600E90AD6 /* ProfileViewController.swift */; };
		E38FBFBA212C660A00E90AD6 /* EditViewController.swift in Sources */ = {isa = PBXBuildFile; fileRef = E38FBFB9212C660A00E90AD6 /* EditViewController.swift */; };
/* End PBXBuildFile section */

/* Begin PBXFileReference section */
		E38FBFA2212C5F3200E90AD6 /* HW_18_Delegate.app */ = {isa = PBXFileReference; explicitFileType = wrapper.application; includeInIndex = 0; path = HW_18_Delegate.app; sourceTree = BUILT_PRODUCTS_DIR; };
		E38FBFA5212C5F3200E90AD6 /* AppDelegate.swift */ = {isa = PBXFileReference; lastKnownFileType = sourcecode.swift; path = AppDelegate.swift; sourceTree = "<group>"; };
		E38FBFAA212C5F3200E90AD6 /* Base */ = {isa = PBXFileReference; lastKnownFileType = file.storyboard; name = Base; path = Base.lproj/Main.storyboard; sourceTree = "<group>"; };
		E38FBFAC212C5F4300E90AD6 /* Assets.xcassets */ = {isa = PBXFileReference; lastKnownFileType = folder.assetcatalog; path = Assets.xcassets; sourceTree = "<group>"; };
		E38FBFAF212C5F4300E90AD6 /* Base */ = {isa = PBXFileReference; lastKnownFileType = file.storyboard; name = Base; path = Base.lproj/LaunchScreen.storyboard; sourceTree = "<group>"; };
		E38FBFB1212C5F4300E90AD6 /* Info.plist */ = {isa = PBXFileReference; lastKnownFileType = text.plist.xml; path = Info.plist; sourceTree = "<group>"; };
		E38FBFB7212C65F600E90AD6 /* ProfileViewController.swift */ = {isa = PBXFileReference; lastKnownFileType = sourcecode.swift; path = ProfileViewController.swift; sourceTree = "<group>"; };
		E38FBFB9212C660A00E90AD6 /* EditViewController.swift */ = {isa = PBXFileReference; lastKnownFileType = sourcecode.swift; path = EditViewController.swift; sourceTree = "<group>"; };
/* End PBXFileReference section */

/* Begin PBXFrameworksBuildPhase section */
		E38FBF9F212C5F3200E90AD6 /* Frameworks */ = {
			isa = PBXFrameworksBuildPhase;
			buildActionMask = 2147483647;
			files = (
			);
			runOnlyForDeploymentPostprocessing = 0;
		};
/* End PBXFrameworksBuildPhase section */

/* Begin PBXGroup section */
		E38FBF99212C5F3100E90AD6 = {
			isa = PBXGroup;
			children = (
				E38FBFA4212C5F3200E90AD6 /* HW_18_Delegate */,
				E38FBFA3212C5F3200E90AD6 /* Products */,
			);
			sourceTree = "<group>";
		};
		E38FBFA3212C5F3200E90AD6 /* Products */ = {
			isa = PBXGroup;
			children = (
				E38FBFA2212C5F3200E90AD6 /* HW_18_Delegate.app */,
			);
			name = Products;
			sourceTree = "<group>";
		};
		E38FBFA4212C5F3200E90AD6 /* HW_18_Delegate */ = {
			isa = PBXGroup;
			children = (
				E38FBFA5212C5F3200E90AD6 /* AppDelegate.swift */,
				E38FBFA9212C5F3200E90AD6 /* Main.storyboard */,
				E38FBFAC212C5F4300E90AD6 /* Assets.xcassets */,
				E38FBFAE212C5F4300E90AD6 /* LaunchScreen.storyboard */,
				E38FBFB1212C5F4300E90AD6 /* Info.plist */,
				E38FBFB7212C65F600E90AD6 /* ProfileViewController.swift */,
				E38FBFB9212C660A00E90AD6 /* EditViewController.swift */,
			);
			path = HW_18_Delegate;
			sourceTree = "<group>";
		};
/* End PBXGroup section */

/* Begin PBXNativeTarget section */
		E38FBFA1212C5F3200E90AD6 /* HW_18_Delegate */ = {
			isa = PBXNativeTarget;
			buildConfigurationList = E38FBFB4212C5F4300E90AD6 /* Build configuration list for PBXNativeTarget "HW_18_Delegate" */;
			buildPhases = (
				E38FBF9E212C5F3200E90AD6 /* Sources */,
				E38FBF9F212C5F3200E90AD6 /* Frameworks */,
				E38FBFA0212C5F3200E90AD6 /* Resources */,
			);
			buildRules = (
			);
			dependencies = (
			);
			name = HW_18_Delegate;
			productName = HW_18_Delegate;
			productReference = E38FBFA2212C5F3200E90AD6 /* HW_18_Delegate.app */;
			productType = "com.apple.product-type.application";
		};
/* End PBXNativeTarget section */

/* Begin PBXProject section */
		E38FBF9A212C5F3100E90AD6 /* Project object */ = {
			isa = PBXProject;
			attributes = {
				LastSwiftUpdateCheck = 0930;
				LastUpgradeCheck = 0930;
				ORGANIZATIONNAME = "Oleg Dynnikov";
				TargetAttributes = {
					E38FBFA1212C5F3200E90AD6 = {
						CreatedOnToolsVersion = 9.3;
					};
				};
			};
			buildConfigurationList = E38FBF9D212C5F3100E90AD6 /* Build configuration list for PBXProject "HW_18_Delegate" */;
			compatibilityVersion = "Xcode 9.3";
			developmentRegion = en;
			hasScannedForEncodings = 0;
			knownRegions = (
				en,
				Base,
			);
			mainGroup = E38FBF99212C5F3100E90AD6;
			productRefGroup = E38FBFA3212C5F3200E90AD6 /* Products */;
			projectDirPath = "";
			projectRoot = "";
			targets = (
				E38FBFA1212C5F3200E90AD6 /* HW_18_Delegate */,
			);
		};
/* End PBXProject section */

/* Begin PBXResourcesBuildPhase section */
		E38FBFA0212C5F3200E90AD6 /* Resources */ = {
			isa = PBXResourcesBuildPhase;
			buildActionMask = 2147483647;
			files = (
				E38FBFB0212C5F4300E90AD6 /* LaunchScreen.storyboard in Resources */,
				E38FBFAD212C5F4300E90AD6 /* Assets.xcassets in Resources */,
				E38FBFAB212C5F3200E90AD6 /* Main.storyboard in Resources */,
			);
			runOnlyForDeploymentPostprocessing = 0;
		};
/* End PBXResourcesBuildPhase section */

/* Begin PBXSourcesBuildPhase section */
		E38FBF9E212C5F3200E90AD6 /* Sources */ = {
			isa = PBXSourcesBuildPhase;
			buildActionMask = 2147483647;
			files = (
				E38FBFB8212C65F600E90AD6 /* ProfileViewController.swift in Sources */,
				E38FBFA6212C5F3200E90AD6 /* AppDelegate.swift in Sources */,
				E38FBFBA212C660A00E90AD6 /* EditViewController.swift in Sources */,
			);
			runOnlyForDeploymentPostprocessing = 0;
		};
/* End PBXSourcesBuildPhase section */

/* Begin PBXVariantGroup section */
		E38FBFA9212C5F3200E90AD6 /* Main.storyboard */ = {
			isa = PBXVariantGroup;
			children = (
				E38FBFAA212C5F3200E90AD6 /* Base */,
			);
			name = Main.storyboard;
			sourceTree = "<group>";
		};
		E38FBFAE212C5F4300E90AD6 /* LaunchScreen.storyboard */ = {
			isa = PBXVariantGroup;
			children = (
				E38FBFAF212C5F4300E90AD6 /* Base */,
			);
			name = LaunchScreen.storyboard;
			sourceTree = "<group>";
		};
/* End PBXVariantGroup section */

/* Begin XCBuildConfiguration section */
		E38FBFB2212C5F4300E90AD6 /* Debug */ = {
			isa = XCBuildConfiguration;
			buildSettings = {
				ALWAYS_SEARCH_USER_PATHS = NO;
				CLANG_ANALYZER_NONNULL = YES;
				CLANG_ANALYZER_NUMBER_OBJECT_CONVERSION = YES_AGGRESSIVE;
				CLANG_CXX_LANGUAGE_STANDARD = "gnu++14";
				CLANG_CXX_LIBRARY = "libc++";
				CLANG_ENABLE_MODULES = YES;
				CLANG_ENABLE_OBJC_ARC = YES;
				CLANG_ENABLE_OBJC_WEAK = YES;
				CLANG_WARN_BLOCK_CAPTURE_AUTORELEASING = YES;
				CLANG_WARN_BOOL_CONVERSION = YES;
				CLANG_WARN_COMMA = YES;
				CLANG_WARN_CONSTANT_CONVERSION = YES;
				CLANG_WARN_DEPRECATED_OBJC_IMPLEMENTATIONS = YES;
				CLANG_WARN_DIRECT_OBJC_ISA_USAGE = YES_ERROR;
				CLANG_WARN_DOCUMENTATION_COMMENTS = YES;
				CLANG_WARN_EMPTY_BODY = YES;
				CLANG_WARN_ENUM_CONVERSION = YES;
				CLANG_WARN_INFINITE_RECURSION = YES;
				CLANG_WARN_INT_CONVERSION = YES;
				CLANG_WARN_NON_LITERAL_NULL_CONVERSION = YES;
				CLANG_WARN_OBJC_IMPLICIT_RETAIN_SELF = YES;
				CLANG_WARN_OBJC_LITERAL_CONVERSION = YES;
				CLANG_WARN_OBJC_ROOT_CLASS = YES_ERROR;
				CLANG_WARN_RANGE_LOOP_ANALYSIS = YES;
				CLANG_WARN_STRICT_PROTOTYPES = YES;
				CLANG_WARN_SUSPICIOUS_MOVE = YES;
				CLANG_WARN_UNGUARDED_AVAILABILITY = YES_AGGRESSIVE;
				CLANG_WARN_UNREACHABLE_CODE = YES;
				CLANG_WARN__DUPLICATE_METHOD_MATCH = YES;
				CODE_SIGN_IDENTITY = "iPhone Developer";
				COPY_PHASE_STRIP = NO;
				DEBUG_INFORMATION_FORMAT = dwarf;
				ENABLE_STRICT_OBJC_MSGSEND = YES;
				ENABLE_TESTABILITY = YES;
				GCC_C_LANGUAGE_STANDARD = gnu11;
				GCC_DYNAMIC_NO_PIC = NO;
				GCC_NO_COMMON_BLOCKS = YES;
				GCC_OPTIMIZATION_LEVEL = 0;
				GCC_PREPROCESSOR_DEFINITIONS = (
					"DEBUG=1",
					"$(inherited)",
				);
				GCC_WARN_64_TO_32_BIT_CONVERSION = YES;
				GCC_WARN_ABOUT_RETURN_TYPE = YES_ERROR;
				GCC_WARN_UNDECLARED_SELECTOR = YES;
				GCC_WARN_UNINITIALIZED_AUTOS = YES_AGGRESSIVE;
				GCC_WARN_UNUSED_FUNCTION = YES;
				GCC_WARN_UNUSED_VARIABLE = YES;
				IPHONEOS_DEPLOYMENT_TARGET = 11.3;
				MTL_ENABLE_DEBUG_INFO = YES;
				ONLY_ACTIVE_ARCH = YES;
				SDKROOT = iphoneos;
				SWIFT_ACTIVE_COMPILATION_CONDITIONS = DEBUG;
				SWIFT_OPTIMIZATION_LEVEL = "-Onone";
			};
			name = Debug;
		};
		E38FBFB3212C5F4300E90AD6 /* Release */ = {
			isa = XCBuildConfiguration;
			buildSettings = {
				ALWAYS_SEARCH_USER_PATHS = NO;
				CLANG_ANALYZER_NONNULL = YES;
				CLANG_ANALYZER_NUMBER_OBJECT_CONVERSION = YES_AGGRESSIVE;
				CLANG_CXX_LANGUAGE_STANDARD = "gnu++14";
				CLANG_CXX_LIBRARY = "libc++";
				CLANG_ENABLE_MODULES = YES;
				CLANG_ENABLE_OBJC_ARC = YES;
				CLANG_ENABLE_OBJC_WEAK = YES;
				CLANG_WARN_BLOCK_CAPTURE_AUTORELEASING = YES;
				CLANG_WARN_BOOL_CONVERSION = YES;
				CLANG_WARN_COMMA = YES;
				CLANG_WARN_CONSTANT_CONVERSION = YES;
				CLANG_WARN_DEPRECATED_OBJC_IMPLEMENTATIONS = YES;
				CLANG_WARN_DIRECT_OBJC_ISA_USAGE = YES_ERROR;
				CLANG_WARN_DOCUMENTATION_COMMENTS = YES;
				CLANG_WARN_EMPTY_BODY = YES;
				CLANG_WARN_ENUM_CONVERSION = YES;
				CLANG_WARN_INFINITE_RECURSION = YES;
				CLANG_WARN_INT_CONVERSION = YES;
				CLANG_WARN_NON_LITERAL_NULL_CONVERSION = YES;
				CLANG_WARN_OBJC_IMPLICIT_RETAIN_SELF = YES;
				CLANG_WARN_OBJC_LITERAL_CONVERSION = YES;
				CLANG_WARN_OBJC_ROOT_CLASS = YES_ERROR;
				CLANG_WARN_RANGE_LOOP_ANALYSIS = YES;
				CLANG_WARN_STRICT_PROTOTYPES = YES;
				CLANG_WARN_SUSPICIOUS_MOVE = YES;
				CLANG_WARN_UNGUARDED_AVAILABILITY = YES_AGGRESSIVE;
				CLANG_WARN_UNREACHABLE_CODE = YES;
				CLANG_WARN__DUPLICATE_METHOD_MATCH = YES;
				CODE_SIGN_IDENTITY = "iPhone Developer";
				COPY_PHASE_STRIP = NO;
				DEBUG_INFORMATION_FORMAT = "dwarf-with-dsym";
				ENABLE_NS_ASSERTIONS = NO;
				ENABLE_STRICT_OBJC_MSGSEND = YES;
				GCC_C_LANGUAGE_STANDARD = gnu11;
				GCC_NO_COMMON_BLOCKS = YES;
				GCC_WARN_64_TO_32_BIT_CONVERSION = YES;
				GCC_WARN_ABOUT_RETURN_TYPE = YES_ERROR;
				GCC_WARN_UNDECLARED_SELECTOR = YES;
				GCC_WARN_UNINITIALIZED_AUTOS = YES_AGGRESSIVE;
				GCC_WARN_UNUSED_FUNCTION = YES;
				GCC_WARN_UNUSED_VARIABLE = YES;
				IPHONEOS_DEPLOYMENT_TARGET = 11.3;
				MTL_ENABLE_DEBUG_INFO = NO;
				SDKROOT = iphoneos;
				SWIFT_COMPILATION_MODE = wholemodule;
				SWIFT_OPTIMIZATION_LEVEL = "-O";
				VALIDATE_PRODUCT = YES;
			};
			name = Release;
		};
		E38FBFB5212C5F4300E90AD6 /* Debug */ = {
			isa = XCBuildConfiguration;
			buildSettings = {
				ASSETCATALOG_COMPILER_APPICON_NAME = AppIcon;
				CODE_SIGN_STYLE = Automatic;
				DEVELOPMENT_TEAM = 7DHY489D4E;
				INFOPLIST_FILE = HW_18_Delegate/Info.plist;
				LD_RUNPATH_SEARCH_PATHS = (
					"$(inherited)",
					"@executable_path/Frameworks",
				);
				PRODUCT_BUNDLE_IDENTIFIER = "IM.HW-18-Delegate";
				PRODUCT_NAME = "$(TARGET_NAME)";
				SWIFT_VERSION = 4.0;
				TARGETED_DEVICE_FAMILY = "1,2";
			};
			name = Debug;
		};
		E38FBFB6212C5F4300E90AD6 /* Release */ = {
			isa = XCBuildConfiguration;
			buildSettings = {
				ASSETCATALOG_COMPILER_APPICON_NAME = AppIcon;
				CODE_SIGN_STYLE = Automatic;
				DEVELOPMENT_TEAM = 7DHY489D4E;
				INFOPLIST_FILE = HW_18_Delegate/Info.plist;
				LD_RUNPATH_SEARCH_PATHS = (
					"$(inherited)",
					"@executable_path/Frameworks",
				);
				PRODUCT_BUNDLE_IDENTIFIER = "IM.HW-18-Delegate";
				PRODUCT_NAME = "$(TARGET_NAME)";
				SWIFT_VERSION = 4.0;
				TARGETED_DEVICE_FAMILY = "1,2";
			};
			name = Release;
		};
/* End XCBuildConfiguration section */

/* Begin XCConfigurationList section */
		E38FBF9D212C5F3100E90AD6 /* Build configuration list for PBXProject "HW_18_Delegate" */ = {
			isa = XCConfigurationList;
			buildConfigurations = (
				E38FBFB2212C5F4300E90AD6 /* Debug */,
				E38FBFB3212C5F4300E90AD6 /* Release */,
			);
			defaultConfigurationIsVisible = 0;
			defaultConfigurationName = Release;
		};
		E38FBFB4212C5F4300E90AD6 /* Build configuration list for PBXNativeTarget "HW_18_Delegate" */ = {
			isa = XCConfigurationList;
			buildConfigurations = (
				E38FBFB5212C5F4300E90AD6 /* Debug */,
				E38FBFB6212C5F4300E90AD6 /* Release */,
			);
			defaultConfigurationIsVisible = 0;
			defaultConfigurationName = Release;
		};
/* End XCConfigurationList section */
	};
	rootObject = E38FBF9A212C5F3100E90AD6 /* Project object */;
}
